
Microsoft Visual Studio Solution File, Format Version 12.00
# Visual Studio 2013
VisualStudioVersion = 12.0.31101.0
MinimumVisualStudioVersion = 10.0.40219.1
Project("{FAE04EC0-301F-11D3-BF4B-00C04F79EFBC}") = "ConfigSharp", "ConfigSharp\ConfigSharp.csproj", "{AE9F6068-4DEB-40A2-BBFB-38CBC271E1FC}"
EndProject
Project("{FAE04EC0-301F-11D3-BF4B-00C04F79EFBC}") = "ConfigSharpTester", "ConfigSharpTester\ConfigSharpTester.csproj", "{85345616-F04F-4018-ADEF-6CE1974C4412}"
EndProject
Project("{FAE04EC0-301F-11D3-BF4B-00C04F79EFBC}") = "ConfigSharpSample", "ConfigSharpSample\ConfigSharpSample.csproj", "{FE589A3E-69BE-45EC-A9F5-4119E387CF4A}"
EndProject
Project("{2150E333-8FDC-42A3-9474-1A3956D46DE8}") = "Solution Items", "Solution Items", "{A97E5FC4-87F4-4C31-BB91-D1D44371C66F}"
	ProjectSection(SolutionItems) = preProject
		NuGetPackage.txt = NuGetPackage.txt
		README.md = README.md
	EndProjectSection
EndProject
Global
	GlobalSection(SolutionConfigurationPlatforms) = preSolution
		Debug|Any CPU = Debug|Any CPU
		Release|Any CPU = Release|Any CPU
	EndGlobalSection
	GlobalSection(ProjectConfigurationPlatforms) = postSolution
		{AE9F6068-4DEB-40A2-BBFB-38CBC271E1FC}.Debug|Any CPU.ActiveCfg = Debug|Any CPU
		{AE9F6068-4DEB-40A2-BBFB-38CBC271E1FC}.Debug|Any CPU.Build.0 = Debug|Any CPU
		{AE9F6068-4DEB-40A2-BBFB-38CBC271E1FC}.Release|Any CPU.ActiveCfg = Release|Any CPU
		{AE9F6068-4DEB-40A2-BBFB-38CBC271E1FC}.Release|Any CPU.Build.0 = Release|Any CPU
		{85345616-F04F-4018-ADEF-6CE1974C4412}.Debug|Any CPU.ActiveCfg = Debug|Any CPU
		{85345616-F04F-4018-ADEF-6CE1974C4412}.Debug|Any CPU.Build.0 = Debug|Any CPU
		{85345616-F04F-4018-ADEF-6CE1974C4412}.Release|Any CPU.ActiveCfg = Release|Any CPU
		{85345616-F04F-4018-ADEF-6CE1974C4412}.Release|Any CPU.Build.0 = Release|Any CPU
		{FE589A3E-69BE-45EC-A9F5-4119E387CF4A}.Debug|Any CPU.ActiveCfg = Debug|Any CPU
		{FE589A3E-69BE-45EC-A9F5-4119E387CF4A}.Debug|Any CPU.Build.0 = Debug|Any CPU
		{FE589A3E-69BE-45EC-A9F5-4119E387CF4A}.Release|Any CPU.ActiveCfg = Release|Any CPU
		{FE589A3E-69BE-45EC-A9F5-4119E387CF4A}.Release|Any CPU.Build.0 = Release|Any CPU
	EndGlobalSection
	GlobalSection(SolutionProperties) = preSolution
		HideSolutionNode = FALSE
	EndGlobalSection
EndGlobal
